
Microsoft Visual Studio Solution File, Format Version 12.00
# Visual Studio Version 17
VisualStudioVersion = 17.14.36518.9 d17.14
MinimumVisualStudioVersion = 10.0.40219.1
Project("{FAE04EC0-301F-11D3-BF4B-00C04F79EFBC}") = "Planet Rush", "Planet Rush\Planet Rush.csproj", "{2E596C2B-B5CA-4279-B429-780086DBF741}"
EndProject
Global
	GlobalSection(SolutionConfigurationPlatforms) = preSolution
		Debug|Any CPU = Debug|Any CPU
		Release|Any CPU = Release|Any CPU
	EndGlobalSection
	GlobalSection(ProjectConfigurationPlatforms) = postSolution
		{2E596C2B-B5CA-4279-B429-780086DBF741}.Debug|Any CPU.ActiveCfg = Debug|Any CPU
		{2E596C2B-B5CA-4279-B429-780086DBF741}.Debug|Any CPU.Build.0 = Debug|Any CPU
		{2E596C2B-B5CA-4279-B429-780086DBF741}.Release|Any CPU.ActiveCfg = Release|Any CPU
		{2E596C2B-B5CA-4279-B429-780086DBF741}.Release|Any CPU.Build.0 = Release|Any CPU
	EndGlobalSection
	GlobalSection(SolutionProperties) = preSolution
		HideSolutionNode = FALSE
	EndGlobalSection
	GlobalSection(ExtensibilityGlobals) = postSolution
		SolutionGuid = {2FC128ED-1445-40F7-9485-76441CA12BC7}
	EndGlobalSection
EndGlobal
